// !$*UTF8*$!
{
	archiveVersion = 1;
	classes = {
	};
	objectVersion = 46;
	objects = {

/* Begin PBXBuildFile section */
		231896A31E92603500415425 /* AppDelegate.swift in Sources */ = {isa = PBXBuildFile; fileRef = 231896A21E92603500415425 /* AppDelegate.swift */; };
		231896A51E92603500415425 /* ViewController.swift in Sources */ = {isa = PBXBuildFile; fileRef = 231896A41E92603500415425 /* ViewController.swift */; };
		231896A81E92603500415425 /* Main.storyboard in Resources */ = {isa = PBXBuildFile; fileRef = 231896A61E92603500415425 /* Main.storyboard */; };
		231896AA1E92603500415425 /* Assets.xcassets in Resources */ = {isa = PBXBuildFile; fileRef = 231896A91E92603500415425 /* Assets.xcassets */; };
		231896AD1E92603500415425 /* LaunchScreen.storyboard in Resources */ = {isa = PBXBuildFile; fileRef = 231896AB1E92603500415425 /* LaunchScreen.storyboard */; };
		231896B51E92604700415425 /* GameScene.swift in Sources */ = {isa = PBXBuildFile; fileRef = 231896B41E92604700415425 /* GameScene.swift */; };
/* End PBXBuildFile section */

/* Begin PBXFileReference section */
		2318969F1E92603500415425 /* TimerTestProject.app */ = {isa = PBXFileReference; explicitFileType = wrapper.application; includeInIndex = 0; path = TimerTestProject.app; sourceTree = BUILT_PRODUCTS_DIR; };
		231896A21E92603500415425 /* AppDelegate.swift */ = {isa = PBXFileReference; lastKnownFileType = sourcecode.swift; path = AppDelegate.swift; sourceTree = "<group>"; };
		231896A41E92603500415425 /* ViewController.swift */ = {isa = PBXFileReference; lastKnownFileType = sourcecode.swift; path = ViewController.swift; sourceTree = "<group>"; };
		231896A71E92603500415425 /* Base */ = {isa = PBXFileReference; lastKnownFileType = file.storyboard; name = Base; path = Base.lproj/Main.storyboard; sourceTree = "<group>"; };
		231896A91E92603500415425 /* Assets.xcassets */ = {isa = PBXFileReference; lastKnownFileType = folder.assetcatalog; path = Assets.xcassets; sourceTree = "<group>"; };
		231896AC1E92603500415425 /* Base */ = {isa = PBXFileReference; lastKnownFileType = file.storyboard; name = Base; path = Base.lproj/LaunchScreen.storyboard; sourceTree = "<group>"; };
		231896AE1E92603500415425 /* Info.plist */ = {isa = PBXFileReference; lastKnownFileType = text.plist.xml; path = Info.plist; sourceTree = "<group>"; };
		231896B41E92604700415425 /* GameScene.swift */ = {isa = PBXFileReference; fileEncoding = 4; lastKnownFileType = sourcecode.swift; path = GameScene.swift; sourceTree = "<group>"; };
/* End PBXFileReference section */

/* Begin PBXFrameworksBuildPhase section */
		2318969C1E92603500415425 /* Frameworks */ = {
			isa = PBXFrameworksBuildPhase;
			buildActionMask = 2147483647;
			files = (
			);
			runOnlyForDeploymentPostprocessing = 0;
		};
/* End PBXFrameworksBuildPhase section */

/* Begin PBXGroup section */
		231896961E92603500415425 = {
			isa = PBXGroup;
			children = (
				231896A11E92603500415425 /* TimerTestProject */,
				231896A01E92603500415425 /* Products */,
			);
			sourceTree = "<group>";
		};
		231896A01E92603500415425 /* Products */ = {
			isa = PBXGroup;
			children = (
				2318969F1E92603500415425 /* TimerTestProject.app */,
			);
			name = Products;
			sourceTree = "<group>";
		};
		231896A11E92603500415425 /* TimerTestProject */ = {
			isa = PBXGroup;
			children = (
				231896A21E92603500415425 /* AppDelegate.swift */,
				231896A41E92603500415425 /* ViewController.swift */,
				231896B41E92604700415425 /* GameScene.swift */,
				231896A61E92603500415425 /* Main.storyboard */,
				231896A91E92603500415425 /* Assets.xcassets */,
				231896AB1E92603500415425 /* LaunchScreen.storyboard */,
				231896AE1E92603500415425 /* Info.plist */,
			);
			path = TimerTestProject;
			sourceTree = "<group>";
		};
/* End PBXGroup section */

/* Begin PBXNativeTarget section */
		2318969E1E92603500415425 /* TimerTestProject */ = {
			isa = PBXNativeTarget;
			buildConfigurationList = 231896B11E92603500415425 /* Build configuration list for PBXNativeTarget "TimerTestProject" */;
			buildPhases = (
				2318969B1E92603500415425 /* Sources */,
				2318969C1E92603500415425 /* Frameworks */,
				2318969D1E92603500415425 /* Resources */,
			);
			buildRules = (
			);
			dependencies = (
			);
			name = TimerTestProject;
			productName = TimerTestProject;
			productReference = 2318969F1E92603500415425 /* TimerTestProject.app */;
			productType = "com.apple.product-type.application";
		};
/* End PBXNativeTarget section */

/* Begin PBXProject section */
		231896971E92603500415425 /* Project object */ = {
			isa = PBXProject;
			attributes = {
				LastSwiftUpdateCheck = 0830;
				LastUpgradeCheck = 0830;
				ORGANIZATIONNAME = "Zion Perez";
				TargetAttributes = {
					2318969E1E92603500415425 = {
						CreatedOnToolsVersion = 8.3;
						DevelopmentTeam = S76F4E24H2;
						ProvisioningStyle = Automatic;
					};
				};
			};
			buildConfigurationList = 2318969A1E92603500415425 /* Build configuration list for PBXProject "TimerTestProject" */;
			compatibilityVersion = "Xcode 3.2";
			developmentRegion = English;
			hasScannedForEncodings = 0;
			knownRegions = (
				en,
				Base,
			);
			mainGroup = 231896961E92603500415425;
			productRefGroup = 231896A01E92603500415425 /* Products */;
			projectDirPath = "";
			projectRoot = "";
			targets = (
				2318969E1E92603500415425 /* TimerTestProject */,
			);
		};
/* End PBXProject section */

/* Begin PBXResourcesBuildPhase section */
		2318969D1E92603500415425 /* Resources */ = {
			isa = PBXResourcesBuildPhase;
			buildActionMask = 2147483647;
			files = (
				231896AD1E92603500415425 /* LaunchScreen.storyboard in Resources */,
				231896AA1E92603500415425 /* Assets.xcassets in Resources */,
				231896A81E92603500415425 /* Main.storyboard in Resources */,
			);
			runOnlyForDeploymentPostprocessing = 0;
		};
/* End PBXResourcesBuildPhase section */

/* Begin PBXSourcesBuildPhase section */
		2318969B1E92603500415425 /* Sources */ = {
			isa = PBXSourcesBuildPhase;
			buildActionMask = 2147483647;
			files = (
				231896B51E92604700415425 /* GameScene.swift in Sources */,
				231896A51E92603500415425 /* ViewController.swift in Sources */,
				231896A31E92603500415425 /* AppDelegate.swift in Sources */,
			);
			runOnlyForDeploymentPostprocessing = 0;
		};
/* End PBXSourcesBuildPhase section */

/* Begin PBXVariantGroup section */
		231896A61E92603500415425 /* Main.storyboard */ = {
			isa = PBXVariantGroup;
			children = (
				231896A71E92603500415425 /* Base */,
			);
			name = Main.storyboard;
			sourceTree = "<group>";
		};
		231896AB1E92603500415425 /* LaunchScreen.storyboard */ = {
			isa = PBXVariantGroup;
			children = (
				231896AC1E92603500415425 /* Base */,
			);
			name = LaunchScreen.storyboard;
			sourceTree = "<group>";
		};
/* End PBXVariantGroup section */

/* Begin XCBuildConfiguration section */
		231896AF1E92603500415425 /* Debug */ = {
			isa = XCBuildConfiguration;
			buildSettings = {
				ALWAYS_SEARCH_USER_PATHS = NO;
				CLANG_ANALYZER_NONNULL = YES;
				CLANG_ANALYZER_NUMBER_OBJECT_CONVERSION = YES_AGGRESSIVE;
				CLANG_CXX_LANGUAGE_STANDARD = "gnu++0x";
				CLANG_CXX_LIBRARY = "libc++";
				CLANG_ENABLE_MODULES = YES;
				CLANG_ENABLE_OBJC_ARC = YES;
				CLANG_WARN_BOOL_CONVERSION = YES;
				CLANG_WARN_CONSTANT_CONVERSION = YES;
				CLANG_WARN_DIRECT_OBJC_ISA_USAGE = YES_ERROR;
				CLANG_WARN_DOCUMENTATION_COMMENTS = YES;
				CLANG_WARN_EMPTY_BODY = YES;
				CLANG_WARN_ENUM_CONVERSION = YES;
				CLANG_WARN_INFINITE_RECURSION = YES;
				CLANG_WARN_INT_CONVERSION = YES;
				CLANG_WARN_OBJC_ROOT_CLASS = YES_ERROR;
				CLANG_WARN_SUSPICIOUS_MOVE = YES;
				CLANG_WARN_UNREACHABLE_CODE = YES;
				CLANG_WARN__DUPLICATE_METHOD_MATCH = YES;
				"CODE_SIGN_IDENTITY[sdk=iphoneos*]" = "iPhone Developer";
				COPY_PHASE_STRIP = NO;
				DEBUG_INFORMATION_FORMAT = dwarf;
				ENABLE_STRICT_OBJC_MSGSEND = YES;
				ENABLE_TESTABILITY = YES;
				GCC_C_LANGUAGE_STANDARD = gnu99;
				GCC_DYNAMIC_NO_PIC = NO;
				GCC_NO_COMMON_BLOCKS = YES;
				GCC_OPTIMIZATION_LEVEL = 0;
				GCC_PREPROCESSOR_DEFINITIONS = (
					"DEBUG=1",
					"$(inherited)",
				);
				GCC_WARN_64_TO_32_BIT_CONVERSION = YES;
				GCC_WARN_ABOUT_RETURN_TYPE = YES_ERROR;
				GCC_WARN_UNDECLARED_SELECTOR = YES;
				GCC_WARN_UNINITIALIZED_AUTOS = YES_AGGRESSIVE;
				GCC_WARN_UNUSED_FUNCTION = YES;
				GCC_WARN_UNUSED_VARIABLE = YES;
				IPHONEOS_DEPLOYMENT_TARGET = 10.3;
				MTL_ENABLE_DEBUG_INFO = YES;
				ONLY_ACTIVE_ARCH = YES;
				SDKROOT = iphoneos;
				SWIFT_ACTIVE_COMPILATION_CONDITIONS = DEBUG;
				SWIFT_OPTIMIZATION_LEVEL = "-Onone";
				TARGETED_DEVICE_FAMILY = "1,2";
			};
			name = Debug;
		};
		231896B01E92603500415425 /* Release */ = {
			isa = XCBuildConfiguration;
			buildSettings = {
				ALWAYS_SEARCH_USER_PATHS = NO;
				CLANG_ANALYZER_NONNULL = YES;
				CLANG_ANALYZER_NUMBER_OBJECT_CONVERSION = YES_AGGRESSIVE;
				CLANG_CXX_LANGUAGE_STANDARD = "gnu++0x";
				CLANG_CXX_LIBRARY = "libc++";
				CLANG_ENABLE_MODULES = YES;
				CLANG_ENABLE_OBJC_ARC = YES;
				CLANG_WARN_BOOL_CONVERSION = YES;
				CLANG_WARN_CONSTANT_CONVERSION = YES;
				CLANG_WARN_DIRECT_OBJC_ISA_USAGE = YES_ERROR;
				CLANG_WARN_DOCUMENTATION_COMMENTS = YES;
				CLANG_WARN_EMPTY_BODY = YES;
				CLANG_WARN_ENUM_CONVERSION = YES;
				CLANG_WARN_INFINITE_RECURSION = YES;
				CLANG_WARN_INT_CONVERSION = YES;
				CLANG_WARN_OBJC_ROOT_CLASS = YES_ERROR;
				CLANG_WARN_SUSPICIOUS_MOVE = YES;
				CLANG_WARN_UNREACHABLE_CODE = YES;
				CLANG_WARN__DUPLICATE_METHOD_MATCH = YES;
				"CODE_SIGN_IDENTITY[sdk=iphoneos*]" = "iPhone Developer";
				COPY_PHASE_STRIP = NO;
				DEBUG_INFORMATION_FORMAT = "dwarf-with-dsym";
				ENABLE_NS_ASSERTIONS = NO;
				ENABLE_STRICT_OBJC_MSGSEND = YES;
				GCC_C_LANGUAGE_STANDARD = gnu99;
				GCC_NO_COMMON_BLOCKS = YES;
				GCC_WARN_64_TO_32_BIT_CONVERSION = YES;
				GCC_WARN_ABOUT_RETURN_TYPE = YES_ERROR;
				GCC_WARN_UNDECLARED_SELECTOR = YES;
				GCC_WARN_UNINITIALIZED_AUTOS = YES_AGGRESSIVE;
				GCC_WARN_UNUSED_FUNCTION = YES;
				GCC_WARN_UNUSED_VARIABLE = YES;
				IPHONEOS_DEPLOYMENT_TARGET = 10.3;
				MTL_ENABLE_DEBUG_INFO = NO;
				SDKROOT = iphoneos;
				SWIFT_OPTIMIZATION_LEVEL = "-Owholemodule";
				TARGETED_DEVICE_FAMILY = "1,2";
				VALIDATE_PRODUCT = YES;
			};
			name = Release;
		};
		231896B21E92603500415425 /* Debug */ = {
			isa = XCBuildConfiguration;
			buildSettings = {
				ASSETCATALOG_COMPILER_APPICON_NAME = AppIcon;
				DEVELOPMENT_TEAM = S76F4E24H2;
				INFOPLIST_FILE = TimerTestProject/Info.plist;
				LD_RUNPATH_SEARCH_PATHS = "$(inherited) @executable_path/Frameworks";
				PRODUCT_BUNDLE_IDENTIFIER = com.uitests.TimerTestProject;
				PRODUCT_NAME = "$(TARGET_NAME)";
				SWIFT_VERSION = 3.0;
			};
			name = Debug;
		};
		231896B31E92603500415425 /* Release */ = {
			isa = XCBuildConfiguration;
			buildSettings = {
				ASSETCATALOG_COMPILER_APPICON_NAME = AppIcon;
				DEVELOPMENT_TEAM = S76F4E24H2;
				INFOPLIST_FILE = TimerTestProject/Info.plist;
				LD_RUNPATH_SEARCH_PATHS = "$(inherited) @executable_path/Frameworks";
				PRODUCT_BUNDLE_IDENTIFIER = com.uitests.TimerTestProject;
				PRODUCT_NAME = "$(TARGET_NAME)";
				SWIFT_VERSION = 3.0;
			};
			name = Release;
		};
/* End XCBuildConfiguration section */

/* Begin XCConfigurationList section */
		2318969A1E92603500415425 /* Build configuration list for PBXProject "TimerTestProject" */ = {
			isa = XCConfigurationList;
			buildConfigurations = (
				231896AF1E92603500415425 /* Debug */,
				231896B01E92603500415425 /* Release */,
			);
			defaultConfigurationIsVisible = 0;
			defaultConfigurationName = Release;
		};
		231896B11E92603500415425 /* Build configuration list for PBXNativeTarget "TimerTestProject" */ = {
			isa = XCConfigurationList;
			buildConfigurations = (
				231896B21E92603500415425 /* Debug */,
				231896B31E92603500415425 /* Release */,
			);
			defaultConfigurationIsVisible = 0;
		};
/* End XCConfigurationList section */
	};
	rootObject = 231896971E92603500415425 /* Project object */;
}
